
Microsoft Visual Studio Solution File, Format Version 12.00
# Visual Studio Version 17
VisualStudioVersion = 17.0.32112.339
MinimumVisualStudioVersion = 10.0.40219.1
Project("{2150E333-8FDC-42A3-9474-1A3956D46DE8}") = "src", "src", "{B006D35C-A151-462D-A15B-116E82676E57}"
EndProject
Project("{2150E333-8FDC-42A3-9474-1A3956D46DE8}") = "test", "test", "{25ED86F2-D6E1-43FF-9419-59E113ED3F56}"
EndProject
Project("{2150E333-8FDC-42A3-9474-1A3956D46DE8}") = "API", "API", "{5C1AF391-3B15-43EA-89BA-04263FD538F9}"
EndProject
Project("{2150E333-8FDC-42A3-9474-1A3956D46DE8}") = "Core", "Core", "{E2476A2A-3220-4651-B920-9EB4F5EAF71B}"
EndProject
Project("{2150E333-8FDC-42A3-9474-1A3956D46DE8}") = "Infrastructure", "Infrastructure", "{4CDF0BE3-7CBB-4186-A70B-CBBD62EA8F8C}"
EndProject
Project("{2150E333-8FDC-42A3-9474-1A3956D46DE8}") = "UI", "UI", "{C19F90B8-5A51-4DD3-923B-DEF38A8D8C50}"
EndProject
Project("{9A19103F-16F7-4668-BE54-9A1E7A4F7556}") = "HR.LeaveManagement.Domain", "HR.LeaveManagementDomain\HR.LeaveManagement.Domain.csproj", "{61D6672A-CD83-4546-9B22-BACE9E6B2673}"
EndProject
Project("{9A19103F-16F7-4668-BE54-9A1E7A4F7556}") = "HR.LeaveManagement.Application", "HR.LeaveManagement.Application\HR.LeaveManagement.Application.csproj", "{F23CB641-6D3A-4099-AE4C-0865E3EE1B53}"
EndProject
Project("{9A19103F-16F7-4668-BE54-9A1E7A4F7556}") = "HR.LeaveManagement.Infrastructure", "HR.LeaveManagement.Infrastructure\HR.LeaveManagement.Infrastructure.csproj", "{D8AC92BF-5695-4E2E-B5C0-7F4839D10FE7}"
EndProject
Project("{9A19103F-16F7-4668-BE54-9A1E7A4F7556}") = "HR.LeaveManagement.Persistance", "HR.LeaveManagement.Persistance\HR.LeaveManagement.Persistance.csproj", "{65E56BAF-6862-48C4-B3A9-0F101AA64169}"
EndProject
Project("{9A19103F-16F7-4668-BE54-9A1E7A4F7556}") = "HR.LeaveManagement.API", "HR.LeaveManagement.API\HR.LeaveManagement.API.csproj", "{D9B5AC9A-816E-446A-8F62-3CB9CBE1C08E}"
EndProject
Project("{2150E333-8FDC-42A3-9474-1A3956D46DE8}") = "testproject", "testproject", "{8BDD8FFC-0979-404A-A9A6-8D7341EFCCD5}"
EndProject
Project("{FAE04EC0-301F-11D3-BF4B-00C04F79EFBC}") = "HR.LeaveManagement.Application.UnitTests", "HR.LeaveManagement.Application.UnitTests\HR.LeaveManagement.Application.UnitTests.csproj", "{CBBB1420-1DAD-43F1-A05D-2B650433B7D0}"
EndProject
Global
	GlobalSection(SolutionConfigurationPlatforms) = preSolution
		Debug|Any CPU = Debug|Any CPU
		Release|Any CPU = Release|Any CPU
	EndGlobalSection
	GlobalSection(ProjectConfigurationPlatforms) = postSolution
		{61D6672A-CD83-4546-9B22-BACE9E6B2673}.Debug|Any CPU.ActiveCfg = Debug|Any CPU
		{61D6672A-CD83-4546-9B22-BACE9E6B2673}.Debug|Any CPU.Build.0 = Debug|Any CPU
		{61D6672A-CD83-4546-9B22-BACE9E6B2673}.Release|Any CPU.ActiveCfg = Release|Any CPU
		{61D6672A-CD83-4546-9B22-BACE9E6B2673}.Release|Any CPU.Build.0 = Release|Any CPU
		{F23CB641-6D3A-4099-AE4C-0865E3EE1B53}.Debug|Any CPU.ActiveCfg = Debug|Any CPU
		{F23CB641-6D3A-4099-AE4C-0865E3EE1B53}.Debug|Any CPU.Build.0 = Debug|Any CPU
		{F23CB641-6D3A-4099-AE4C-0865E3EE1B53}.Release|Any CPU.ActiveCfg = Release|Any CPU
		{F23CB641-6D3A-4099-AE4C-0865E3EE1B53}.Release|Any CPU.Build.0 = Release|Any CPU
		{D8AC92BF-5695-4E2E-B5C0-7F4839D10FE7}.Debug|Any CPU.ActiveCfg = Debug|Any CPU
		{D8AC92BF-5695-4E2E-B5C0-7F4839D10FE7}.Debug|Any CPU.Build.0 = Debug|Any CPU
		{D8AC92BF-5695-4E2E-B5C0-7F4839D10FE7}.Release|Any CPU.ActiveCfg = Release|Any CPU
		{D8AC92BF-5695-4E2E-B5C0-7F4839D10FE7}.Release|Any CPU.Build.0 = Release|Any CPU
		{65E56BAF-6862-48C4-B3A9-0F101AA64169}.Debug|Any CPU.ActiveCfg = Debug|Any CPU
		{65E56BAF-6862-48C4-B3A9-0F101AA64169}.Debug|Any CPU.Build.0 = Debug|Any CPU
		{65E56BAF-6862-48C4-B3A9-0F101AA64169}.Release|Any CPU.ActiveCfg = Release|Any CPU
		{65E56BAF-6862-48C4-B3A9-0F101AA64169}.Release|Any CPU.Build.0 = Release|Any CPU
		{D9B5AC9A-816E-446A-8F62-3CB9CBE1C08E}.Debug|Any CPU.ActiveCfg = Debug|Any CPU
		{D9B5AC9A-816E-446A-8F62-3CB9CBE1C08E}.Debug|Any CPU.Build.0 = Debug|Any CPU
		{D9B5AC9A-816E-446A-8F62-3CB9CBE1C08E}.Release|Any CPU.ActiveCfg = Release|Any CPU
		{D9B5AC9A-816E-446A-8F62-3CB9CBE1C08E}.Release|Any CPU.Build.0 = Release|Any CPU
		{CBBB1420-1DAD-43F1-A05D-2B650433B7D0}.Debug|Any CPU.ActiveCfg = Debug|Any CPU
		{CBBB1420-1DAD-43F1-A05D-2B650433B7D0}.Debug|Any CPU.Build.0 = Debug|Any CPU
		{CBBB1420-1DAD-43F1-A05D-2B650433B7D0}.Release|Any CPU.ActiveCfg = Release|Any CPU
		{CBBB1420-1DAD-43F1-A05D-2B650433B7D0}.Release|Any CPU.Build.0 = Release|Any CPU
	EndGlobalSection
	GlobalSection(SolutionProperties) = preSolution
		HideSolutionNode = FALSE
	EndGlobalSection
	GlobalSection(NestedProjects) = preSolution
		{5C1AF391-3B15-43EA-89BA-04263FD538F9} = {B006D35C-A151-462D-A15B-116E82676E57}
		{E2476A2A-3220-4651-B920-9EB4F5EAF71B} = {B006D35C-A151-462D-A15B-116E82676E57}
		{4CDF0BE3-7CBB-4186-A70B-CBBD62EA8F8C} = {B006D35C-A151-462D-A15B-116E82676E57}
		{C19F90B8-5A51-4DD3-923B-DEF38A8D8C50} = {B006D35C-A151-462D-A15B-116E82676E57}
		{61D6672A-CD83-4546-9B22-BACE9E6B2673} = {E2476A2A-3220-4651-B920-9EB4F5EAF71B}
		{F23CB641-6D3A-4099-AE4C-0865E3EE1B53} = {E2476A2A-3220-4651-B920-9EB4F5EAF71B}
		{D8AC92BF-5695-4E2E-B5C0-7F4839D10FE7} = {4CDF0BE3-7CBB-4186-A70B-CBBD62EA8F8C}
		{65E56BAF-6862-48C4-B3A9-0F101AA64169} = {4CDF0BE3-7CBB-4186-A70B-CBBD62EA8F8C}
		{D9B5AC9A-816E-446A-8F62-3CB9CBE1C08E} = {5C1AF391-3B15-43EA-89BA-04263FD538F9}
		{CBBB1420-1DAD-43F1-A05D-2B650433B7D0} = {8BDD8FFC-0979-404A-A9A6-8D7341EFCCD5}
	EndGlobalSection
	GlobalSection(ExtensibilityGlobals) = postSolution
		SolutionGuid = {9C0FCE4F-0826-4D6E-BF5D-C10B3E3E2B9F}
	EndGlobalSection
EndGlobal
